
Microsoft Visual Studio Solution File, Format Version 12.00
# Visual Studio 15
VisualStudioVersion = 15.0.27428.2015
MinimumVisualStudioVersion = 10.0.40219.1
Project("{FAE04EC0-301F-11D3-BF4B-00C04F79EFBC}") = "Forum", "Forum\Forum.csproj", "{0491CAA5-A06E-411C-BC80-7D29A523611F}"
EndProject
Global
	GlobalSection(SolutionConfigurationPlatforms) = preSolution
		Debug|Any CPU = Debug|Any CPU
		Release|Any CPU = Release|Any CPU
	EndGlobalSection
	GlobalSection(ProjectConfigurationPlatforms) = postSolution
		{0491CAA5-A06E-411C-BC80-7D29A523611F}.Debug|Any CPU.ActiveCfg = Debug|Any CPU
		{0491CAA5-A06E-411C-BC80-7D29A523611F}.Debug|Any CPU.Build.0 = Debug|Any CPU
		{0491CAA5-A06E-411C-BC80-7D29A523611F}.Release|Any CPU.ActiveCfg = Release|Any CPU
		{0491CAA5-A06E-411C-BC80-7D29A523611F}.Release|Any CPU.Build.0 = Release|Any CPU
	EndGlobalSection
	GlobalSection(SolutionProperties) = preSolution
		HideSolutionNode = FALSE
	EndGlobalSection
	GlobalSection(ExtensibilityGlobals) = postSolution
		SolutionGuid = {6B8B3022-0042-4232-A6ED-864453EC8D00}
	EndGlobalSection
EndGlobal
